
Microsoft Visual Studio Solution File, Format Version 12.00
# Visual Studio 15
VisualStudioVersion = 15.0.26124.0
MinimumVisualStudioVersion = 15.0.26124.0
Project("{FAE04EC0-301F-11D3-BF4B-00C04F79EFBC}") = "ApexRestaurant.Repository", "ApexRestaurant.Repository\ApexRestaurant.Repository.csproj", "{835CD6F7-D5DF-41E7-A68A-1BE59CC3E985}"
EndProject
Project("{FAE04EC0-301F-11D3-BF4B-00C04F79EFBC}") = "ApexRestaurant.Services", "ApexRestaurant.Services\ApexRestaurant.Services.csproj", "{6446A9CC-6741-42F9-BD8D-3244CDF38358}"
EndProject
Project("{FAE04EC0-301F-11D3-BF4B-00C04F79EFBC}") = "ApexRestaurant.Api", "ApexRestaurant.Api\ApexRestaurant.Api.csproj", "{45994868-2F56-48AD-9999-339A4B372637}"
EndProject
Project("{FAE04EC0-301F-11D3-BF4B-00C04F79EFBC}") = "ApexRestaurant.Mvc", "ApexRestaurant.Mvc\ApexRestaurant.Mvc.csproj", "{086CC94C-017E-42C6-9817-A91F20EF5BA3}"
EndProject
Global
	GlobalSection(SolutionConfigurationPlatforms) = preSolution
		Debug|Any CPU = Debug|Any CPU
		Debug|x64 = Debug|x64
		Debug|x86 = Debug|x86
		Release|Any CPU = Release|Any CPU
		Release|x64 = Release|x64
		Release|x86 = Release|x86
	EndGlobalSection
	GlobalSection(SolutionProperties) = preSolution
		HideSolutionNode = FALSE
	EndGlobalSection
	GlobalSection(ProjectConfigurationPlatforms) = postSolution
		{835CD6F7-D5DF-41E7-A68A-1BE59CC3E985}.Debug|Any CPU.ActiveCfg = Debug|Any CPU
		{835CD6F7-D5DF-41E7-A68A-1BE59CC3E985}.Debug|Any CPU.Build.0 = Debug|Any CPU
		{835CD6F7-D5DF-41E7-A68A-1BE59CC3E985}.Debug|x64.ActiveCfg = Debug|Any CPU
		{835CD6F7-D5DF-41E7-A68A-1BE59CC3E985}.Debug|x64.Build.0 = Debug|Any CPU
		{835CD6F7-D5DF-41E7-A68A-1BE59CC3E985}.Debug|x86.ActiveCfg = Debug|Any CPU
		{835CD6F7-D5DF-41E7-A68A-1BE59CC3E985}.Debug|x86.Build.0 = Debug|Any CPU
		{835CD6F7-D5DF-41E7-A68A-1BE59CC3E985}.Release|Any CPU.ActiveCfg = Release|Any CPU
		{835CD6F7-D5DF-41E7-A68A-1BE59CC3E985}.Release|Any CPU.Build.0 = Release|Any CPU
		{835CD6F7-D5DF-41E7-A68A-1BE59CC3E985}.Release|x64.ActiveCfg = Release|Any CPU
		{835CD6F7-D5DF-41E7-A68A-1BE59CC3E985}.Release|x64.Build.0 = Release|Any CPU
		{835CD6F7-D5DF-41E7-A68A-1BE59CC3E985}.Release|x86.ActiveCfg = Release|Any CPU
		{835CD6F7-D5DF-41E7-A68A-1BE59CC3E985}.Release|x86.Build.0 = Release|Any CPU
		{6446A9CC-6741-42F9-BD8D-3244CDF38358}.Debug|Any CPU.ActiveCfg = Debug|Any CPU
		{6446A9CC-6741-42F9-BD8D-3244CDF38358}.Debug|Any CPU.Build.0 = Debug|Any CPU
		{6446A9CC-6741-42F9-BD8D-3244CDF38358}.Debug|x64.ActiveCfg = Debug|Any CPU
		{6446A9CC-6741-42F9-BD8D-3244CDF38358}.Debug|x64.Build.0 = Debug|Any CPU
		{6446A9CC-6741-42F9-BD8D-3244CDF38358}.Debug|x86.ActiveCfg = Debug|Any CPU
		{6446A9CC-6741-42F9-BD8D-3244CDF38358}.Debug|x86.Build.0 = Debug|Any CPU
		{6446A9CC-6741-42F9-BD8D-3244CDF38358}.Release|Any CPU.ActiveCfg = Release|Any CPU
		{6446A9CC-6741-42F9-BD8D-3244CDF38358}.Release|Any CPU.Build.0 = Release|Any CPU
		{6446A9CC-6741-42F9-BD8D-3244CDF38358}.Release|x64.ActiveCfg = Release|Any CPU
		{6446A9CC-6741-42F9-BD8D-3244CDF38358}.Release|x64.Build.0 = Release|Any CPU
		{6446A9CC-6741-42F9-BD8D-3244CDF38358}.Release|x86.ActiveCfg = Release|Any CPU
		{6446A9CC-6741-42F9-BD8D-3244CDF38358}.Release|x86.Build.0 = Release|Any CPU
		{45994868-2F56-48AD-9999-339A4B372637}.Debug|Any CPU.ActiveCfg = Debug|Any CPU
		{45994868-2F56-48AD-9999-339A4B372637}.Debug|Any CPU.Build.0 = Debug|Any CPU
		{45994868-2F56-48AD-9999-339A4B372637}.Debug|x64.ActiveCfg = Debug|Any CPU
		{45994868-2F56-48AD-9999-339A4B372637}.Debug|x64.Build.0 = Debug|Any CPU
		{45994868-2F56-48AD-9999-339A4B372637}.Debug|x86.ActiveCfg = Debug|Any CPU
		{45994868-2F56-48AD-9999-339A4B372637}.Debug|x86.Build.0 = Debug|Any CPU
		{45994868-2F56-48AD-9999-339A4B372637}.Release|Any CPU.ActiveCfg = Release|Any CPU
		{45994868-2F56-48AD-9999-339A4B372637}.Release|Any CPU.Build.0 = Release|Any CPU
		{45994868-2F56-48AD-9999-339A4B372637}.Release|x64.ActiveCfg = Release|Any CPU
		{45994868-2F56-48AD-9999-339A4B372637}.Release|x64.Build.0 = Release|Any CPU
		{45994868-2F56-48AD-9999-339A4B372637}.Release|x86.ActiveCfg = Release|Any CPU
		{45994868-2F56-48AD-9999-339A4B372637}.Release|x86.Build.0 = Release|Any CPU
		{086CC94C-017E-42C6-9817-A91F20EF5BA3}.Debug|Any CPU.ActiveCfg = Debug|Any CPU
		{086CC94C-017E-42C6-9817-A91F20EF5BA3}.Debug|Any CPU.Build.0 = Debug|Any CPU
		{086CC94C-017E-42C6-9817-A91F20EF5BA3}.Debug|x64.ActiveCfg = Debug|Any CPU
		{086CC94C-017E-42C6-9817-A91F20EF5BA3}.Debug|x64.Build.0 = Debug|Any CPU
		{086CC94C-017E-42C6-9817-A91F20EF5BA3}.Debug|x86.ActiveCfg = Debug|Any CPU
		{086CC94C-017E-42C6-9817-A91F20EF5BA3}.Debug|x86.Build.0 = Debug|Any CPU
		{086CC94C-017E-42C6-9817-A91F20EF5BA3}.Release|Any CPU.ActiveCfg = Release|Any CPU
		{086CC94C-017E-42C6-9817-A91F20EF5BA3}.Release|Any CPU.Build.0 = Release|Any CPU
		{086CC94C-017E-42C6-9817-A91F20EF5BA3}.Release|x64.ActiveCfg = Release|Any CPU
		{086CC94C-017E-42C6-9817-A91F20EF5BA3}.Release|x64.Build.0 = Release|Any CPU
		{086CC94C-017E-42C6-9817-A91F20EF5BA3}.Release|x86.ActiveCfg = Release|Any CPU
		{086CC94C-017E-42C6-9817-A91F20EF5BA3}.Release|x86.Build.0 = Release|Any CPU
	EndGlobalSection
EndGlobal
